{
    "_readme": [
        "This file locks the dependencies of your project to a known state",
        "Read more about it at https://getcomposer.org/doc/01-basic-usage.md#installing-dependencies",
        "This file is @generated automatically"
    ],
    "content-hash": "8238c227e8be1c0ea370135f7bbd6e5c",
    "packages": [
        {
            "name": "earc/event-tree",
            "version": "dev-develop",
            "source": {
                "type": "git",
                "url": "https://github.com/Koudela/eArc-eventTree.git",
                "reference": "41d39e7a3e4ed230c2ff23d95728b18f0361ea1d"
            },
            "dist": {
                "type": "zip",
                "url": "https://api.github.com/repos/Koudela/eArc-eventTree/zipball/41d39e7a3e4ed230c2ff23d95728b18f0361ea1d",
                "reference": "41d39e7a3e4ed230c2ff23d95728b18f0361ea1d",
                "shasum": ""
            },
            "require": {
                "earc/observer-tree": "dev-master",
                "earc/payload-container": "dev-master",
                "earc/tree": "dev-master",
                "php": "^7.2",
                "psr/container": "^1.0"
            },
            "require-dev": {
                "behat/behat": "^3.5"
            },
            "type": "library",
            "autoload": {
                "psr-4": {
                    "eArc\\EventTree\\": "src"
                }
            },
            "notification-url": "https://packagist.org/downloads/",
            "license": [
                "MIT"
            ],
            "authors": [
                {
                    "name": "Thomas Koudela",
                    "email": "thomas@koudela.net"
                }
            ],
            "description": "eArc - the explicit architecture framework - event tree component",
            "time": "2018-11-28T21:01:46+00:00"
        },
        {
            "name": "earc/observer-tree",
            "version": "dev-master",
            "source": {
                "type": "git",
                "url": "https://github.com/Koudela/eArc-observer-tree.git",
                "reference": "3bb7f596dbc73b88db47112d47ffa68449d99049"
            },
            "dist": {
                "type": "zip",
                "url": "https://api.github.com/repos/Koudela/eArc-observer-tree/zipball/3bb7f596dbc73b88db47112d47ffa68449d99049",
                "reference": "3bb7f596dbc73b88db47112d47ffa68449d99049",
                "shasum": ""
            },
            "require": {
                "earc/tree": "dev-master",
                "php": "^7.2",
                "psr/container": "^1.0"
            },
            "require-dev": {
                "behat/behat": "^3.5"
            },
            "type": "library",
            "autoload": {
                "psr-4": {
                    "eArc\\ObserverTree\\": "src"
                }
            },
            "notification-url": "https://packagist.org/downloads/",
            "license": [
                "MIT"
            ],
            "authors": [
                {
                    "name": "Thomas Koudela",
                    "email": "thomas@koudela.net"
                }
            ],
            "description": "eArc - the explicit architecture framework - observer composite component",
            "time": "2018-11-27T18:53:47+00:00"
        },
        {
            "name": "earc/payload-container",
            "version": "dev-master",
            "source": {
                "type": "git",
                "url": "https://github.com/Koudela/eArc-payload-container.git",
                "reference": "57924a10baaa5d3b3ed6d426690ddd921629abaa"
            },
            "dist": {
                "type": "zip",
                "url": "https://api.github.com/repos/Koudela/eArc-payload-container/zipball/57924a10baaa5d3b3ed6d426690ddd921629abaa",
                "reference": "57924a10baaa5d3b3ed6d426690ddd921629abaa",
                "shasum": ""
            },
            "require": {
                "php": "^7.2",
                "psr/container": "^1.0"
            },
            "require-dev": {
                "behat/behat": "^3.5"
            },
            "type": "library",
            "autoload": {
                "psr-4": {
                    "eArc\\PayloadContainer\\": "src"
                }
            },
            "notification-url": "https://packagist.org/downloads/",
            "license": [
                "MIT"
            ],
            "authors": [
                {
                    "name": "Thomas Koudela",
                    "email": "thomas@koudela.net"
                }
            ],
            "description": "eArc - the explicit architecture framework - psr compatible payload container component",
            "time": "2018-11-28T06:05:02+00:00"
        },
        {
            "name": "earc/tree",
            "version": "dev-master",
            "source": {
                "type": "git",
                "url": "https://github.com/Koudela/eArc-tree.git",
                "reference": "07e64936816f4d4af7bb23ba23dfc48e8c503c61"
            },
            "dist": {
                "type": "zip",
                "url": "https://api.github.com/repos/Koudela/eArc-tree/zipball/07e64936816f4d4af7bb23ba23dfc48e8c503c61",
                "reference": "07e64936816f4d4af7bb23ba23dfc48e8c503c61",
                "shasum": ""
            },
            "require": {
                "php": "^7.2"
            },
            "require-dev": {
                "behat/behat": "^3.5"
            },
            "type": "library",
            "autoload": {
                "psr-4": {
                    "eArc\\Tree\\": "src"
                }
            },
            "notification-url": "https://packagist.org/downloads/",
            "license": [
                "MIT"
            ],
            "authors": [
                {
                    "name": "Thomas Koudela",
                    "email": "thomas@koudela.net"
                }
            ],
            "description": "eArc - the explicit architecture framework - tree composite component",
            "time": "2018-11-27T17:48:51+00:00"
        },
        {
            "name": "psr/container",
            "version": "1.0.0",
            "source": {
                "type": "git",
                "url": "https://github.com/php-fig/container.git",
                "reference": "b7ce3b176482dbbc1245ebf52b181af44c2cf55f"
            },
            "dist": {
                "type": "zip",
                "url": "https://api.github.com/repos/php-fig/container/zipball/b7ce3b176482dbbc1245ebf52b181af44c2cf55f",
                "reference": "b7ce3b176482dbbc1245ebf52b181af44c2cf55f",
                "shasum": ""
            },
            "require": {
                "php": ">=5.3.0"
            },
            "type": "library",
            "extra": {
                "branch-alias": {
                    "dev-master": "1.0.x-dev"
                }
            },
            "autoload": {
                "psr-4": {
                    "Psr\\Container\\": "src/"
                }
            },
            "notification-url": "https://packagist.org/downloads/",
            "license": [
                "MIT"
            ],
            "authors": [
                {
                    "name": "PHP-FIG",
                    "homepage": "http://www.php-fig.org/"
                }
            ],
            "description": "Common Container Interface (PHP FIG PSR-11)",
            "homepage": "https://github.com/php-fig/container",
            "keywords": [
                "PSR-11",
                "container",
                "container-interface",
                "container-interop",
                "psr"
            ],
            "time": "2017-02-14T16:28:37+00:00"
        }
    ],
    "packages-dev": [],
    "aliases": [],
    "minimum-stability": "dev",
    "stability-flags": {
        "earc/event-tree": 20
    },
    "prefer-stable": true,
    "prefer-lowest": false,
    "platform": {
        "php": "^7.2"
    },
    "platform-dev": []
}
